// !$*UTF8*$!
{
	archiveVersion = 1;
	classes = {
	};
	objectVersion = 56;
	objects = {

/* Begin PBXBuildFile section */
		030642862B9B439B00C0AB55 /* AppDelegate.swift in Sources */ = {isa = PBXBuildFile; fileRef = 030642852B9B439B00C0AB55 /* AppDelegate.swift */; };
		030642882B9B439B00C0AB55 /* SceneDelegate.swift in Sources */ = {isa = PBXBuildFile; fileRef = 030642872B9B439B00C0AB55 /* SceneDelegate.swift */; };
		0306428F2B9B439D00C0AB55 /* Assets.xcassets in Resources */ = {isa = PBXBuildFile; fileRef = 0306428E2B9B439D00C0AB55 /* Assets.xcassets */; };
		0306429A2B9B43B000C0AB55 /* Onboarding.swift in Sources */ = {isa = PBXBuildFile; fileRef = 030642992B9B43B000C0AB55 /* Onboarding.swift */; };
		0318167D2BF117C200D87BC1 /* README.md in Resources */ = {isa = PBXBuildFile; fileRef = 0318167B2BF117C200D87BC1 /* README.md */; };
		0318167E2BF117C200D87BC1 /* LICENSE.txt in Resources */ = {isa = PBXBuildFile; fileRef = 0318167C2BF117C200D87BC1 /* LICENSE.txt */; };
		031816802BF1222900D87BC1 /* demo.gif in Resources */ = {isa = PBXBuildFile; fileRef = 0318167F2BF1222900D87BC1 /* demo.gif */; };
		03E051432BF5465600C0BE77 /* original.txt in Resources */ = {isa = PBXBuildFile; fileRef = 03E051422BF5465600C0BE77 /* original.txt */; };
		03F9A58A2CA5A64A00F90C96 /* ViewController2.swift in Sources */ = {isa = PBXBuildFile; fileRef = 03F9A5892CA5A64900F90C96 /* ViewController2.swift */; };
		03F9A58C2CA5A69800F90C96 /* ViewController1.swift in Sources */ = {isa = PBXBuildFile; fileRef = 03F9A58B2CA5A69800F90C96 /* ViewController1.swift */; };
		03FAC8962BD81CA700AAE387 /* Main.storyboard in Resources */ = {isa = PBXBuildFile; fileRef = 03FAC8922BD81CA700AAE387 /* Main.storyboard */; };
		03FAC8972BD81CA700AAE387 /* LaunchScreen.storyboard in Resources */ = {isa = PBXBuildFile; fileRef = 03FAC8942BD81CA700AAE387 /* LaunchScreen.storyboard */; };
/* End PBXBuildFile section */

/* Begin PBXFileReference section */
		030642822B9B439B00C0AB55 /* Onboarding.app */ = {isa = PBXFileReference; explicitFileType = wrapper.application; includeInIndex = 0; path = Onboarding.app; sourceTree = BUILT_PRODUCTS_DIR; };
		030642852B9B439B00C0AB55 /* AppDelegate.swift */ = {isa = PBXFileReference; lastKnownFileType = sourcecode.swift; path = AppDelegate.swift; sourceTree = "<group>"; };
		030642872B9B439B00C0AB55 /* SceneDelegate.swift */ = {isa = PBXFileReference; lastKnownFileType = sourcecode.swift; path = SceneDelegate.swift; sourceTree = "<group>"; };
		0306428E2B9B439D00C0AB55 /* Assets.xcassets */ = {isa = PBXFileReference; lastKnownFileType = folder.assetcatalog; path = Assets.xcassets; sourceTree = "<group>"; };
		030642932B9B439D00C0AB55 /* Info.plist */ = {isa = PBXFileReference; lastKnownFileType = text.plist.xml; path = Info.plist; sourceTree = "<group>"; };
		030642992B9B43B000C0AB55 /* Onboarding.swift */ = {isa = PBXFileReference; lastKnownFileType = sourcecode.swift; path = Onboarding.swift; sourceTree = "<group>"; };
		0318167B2BF117C200D87BC1 /* README.md */ = {isa = PBXFileReference; fileEncoding = 4; lastKnownFileType = net.daringfireball.markdown; path = README.md; sourceTree = "<group>"; };
		0318167C2BF117C200D87BC1 /* LICENSE.txt */ = {isa = PBXFileReference; fileEncoding = 4; lastKnownFileType = text; path = LICENSE.txt; sourceTree = "<group>"; };
		0318167F2BF1222900D87BC1 /* demo.gif */ = {isa = PBXFileReference; lastKnownFileType = image.gif; path = demo.gif; sourceTree = "<group>"; };
		03E051422BF5465600C0BE77 /* original.txt */ = {isa = PBXFileReference; fileEncoding = 4; lastKnownFileType = text; path = original.txt; sourceTree = "<group>"; };
		03F9A5892CA5A64900F90C96 /* ViewController2.swift */ = {isa = PBXFileReference; lastKnownFileType = sourcecode.swift; path = ViewController2.swift; sourceTree = "<group>"; };
		03F9A58B2CA5A69800F90C96 /* ViewController1.swift */ = {isa = PBXFileReference; lastKnownFileType = sourcecode.swift; path = ViewController1.swift; sourceTree = "<group>"; };
		03FAC8932BD81CA700AAE387 /* Base */ = {isa = PBXFileReference; lastKnownFileType = file.storyboard; name = Base; path = Base.lproj/Main.storyboard; sourceTree = "<group>"; };
		03FAC8952BD81CA700AAE387 /* Base */ = {isa = PBXFileReference; lastKnownFileType = file.storyboard; name = Base; path = Base.lproj/LaunchScreen.storyboard; sourceTree = "<group>"; };
/* End PBXFileReference section */

/* Begin PBXFrameworksBuildPhase section */
		0306427F2B9B439B00C0AB55 /* Frameworks */ = {
			isa = PBXFrameworksBuildPhase;
			buildActionMask = 2147483647;
			files = (
			);
			runOnlyForDeploymentPostprocessing = 0;
		};
/* End PBXFrameworksBuildPhase section */

/* Begin PBXGroup section */
		030642792B9B439B00C0AB55 = {
			isa = PBXGroup;
			children = (
				0318167C2BF117C200D87BC1 /* LICENSE.txt */,
				0318167B2BF117C200D87BC1 /* README.md */,
				0318167F2BF1222900D87BC1 /* demo.gif */,
				03E051422BF5465600C0BE77 /* original.txt */,
				030642842B9B439B00C0AB55 /* Onboarding */,
				030642832B9B439B00C0AB55 /* Products */,
			);
			sourceTree = "<group>";
		};
		030642832B9B439B00C0AB55 /* Products */ = {
			isa = PBXGroup;
			children = (
				030642822B9B439B00C0AB55 /* Onboarding.app */,
			);
			name = Products;
			sourceTree = "<group>";
		};
		030642842B9B439B00C0AB55 /* Onboarding */ = {
			isa = PBXGroup;
			children = (
				030642852B9B439B00C0AB55 /* AppDelegate.swift */,
				030642872B9B439B00C0AB55 /* SceneDelegate.swift */,
				03F9A58B2CA5A69800F90C96 /* ViewController1.swift */,
				03F9A5892CA5A64900F90C96 /* ViewController2.swift */,
				030642992B9B43B000C0AB55 /* Onboarding.swift */,
				03FAC8922BD81CA700AAE387 /* Main.storyboard */,
				03FAC8942BD81CA700AAE387 /* LaunchScreen.storyboard */,
				0306428E2B9B439D00C0AB55 /* Assets.xcassets */,
				030642932B9B439D00C0AB55 /* Info.plist */,
			);
			path = Onboarding;
			sourceTree = "<group>";
		};
/* End PBXGroup section */

/* Begin PBXNativeTarget section */
		030642812B9B439B00C0AB55 /* Onboarding */ = {
			isa = PBXNativeTarget;
			buildConfigurationList = 030642962B9B439D00C0AB55 /* Build configuration list for PBXNativeTarget "Onboarding" */;
			buildPhases = (
				0306427E2B9B439B00C0AB55 /* Sources */,
				0306427F2B9B439B00C0AB55 /* Frameworks */,
				030642802B9B439B00C0AB55 /* Resources */,
			);
			buildRules = (
			);
			dependencies = (
			);
			name = Onboarding;
			productName = Onboarding;
			productReference = 030642822B9B439B00C0AB55 /* Onboarding.app */;
			productType = "com.apple.product-type.application";
		};
/* End PBXNativeTarget section */

/* Begin PBXProject section */
		0306427A2B9B439B00C0AB55 /* Project object */ = {
			isa = PBXProject;
			attributes = {
				BuildIndependentTargetsInParallel = 1;
				LastSwiftUpdateCheck = 1520;
				LastUpgradeCheck = 1520;
				TargetAttributes = {
					030642812B9B439B00C0AB55 = {
						CreatedOnToolsVersion = 15.2;
					};
				};
			};
			buildConfigurationList = 0306427D2B9B439B00C0AB55 /* Build configuration list for PBXProject "Onboarding" */;
			compatibilityVersion = "Xcode 14.0";
			developmentRegion = en;
			hasScannedForEncodings = 0;
			knownRegions = (
				en,
				Base,
			);
			mainGroup = 030642792B9B439B00C0AB55;
			productRefGroup = 030642832B9B439B00C0AB55 /* Products */;
			projectDirPath = "";
			projectRoot = "";
			targets = (
				030642812B9B439B00C0AB55 /* Onboarding */,
			);
		};
/* End PBXProject section */

/* Begin PBXResourcesBuildPhase section */
		030642802B9B439B00C0AB55 /* Resources */ = {
			isa = PBXResourcesBuildPhase;
			buildActionMask = 2147483647;
			files = (
				0306428F2B9B439D00C0AB55 /* Assets.xcassets in Resources */,
				031816802BF1222900D87BC1 /* demo.gif in Resources */,
				03FAC8972BD81CA700AAE387 /* LaunchScreen.storyboard in Resources */,
				0318167D2BF117C200D87BC1 /* README.md in Resources */,
				0318167E2BF117C200D87BC1 /* LICENSE.txt in Resources */,
				03FAC8962BD81CA700AAE387 /* Main.storyboard in Resources */,
				03E051432BF5465600C0BE77 /* original.txt in Resources */,
			);
			runOnlyForDeploymentPostprocessing = 0;
		};
/* End PBXResourcesBuildPhase section */

/* Begin PBXSourcesBuildPhase section */
		0306427E2B9B439B00C0AB55 /* Sources */ = {
			isa = PBXSourcesBuildPhase;
			buildActionMask = 2147483647;
			files = (
				030642862B9B439B00C0AB55 /* AppDelegate.swift in Sources */,
				0306429A2B9B43B000C0AB55 /* Onboarding.swift in Sources */,
				03F9A58C2CA5A69800F90C96 /* ViewController1.swift in Sources */,
				03F9A58A2CA5A64A00F90C96 /* ViewController2.swift in Sources */,
				030642882B9B439B00C0AB55 /* SceneDelegate.swift in Sources */,
			);
			runOnlyForDeploymentPostprocessing = 0;
		};
/* End PBXSourcesBuildPhase section */

/* Begin PBXVariantGroup section */
		03FAC8922BD81CA700AAE387 /* Main.storyboard */ = {
			isa = PBXVariantGroup;
			children = (
				03FAC8932BD81CA700AAE387 /* Base */,
			);
			name = Main.storyboard;
			sourceTree = "<group>";
		};
		03FAC8942BD81CA700AAE387 /* LaunchScreen.storyboard */ = {
			isa = PBXVariantGroup;
			children = (
				03FAC8952BD81CA700AAE387 /* Base */,
			);
			name = LaunchScreen.storyboard;
			sourceTree = "<group>";
		};
/* End PBXVariantGroup section */

/* Begin XCBuildConfiguration section */
		030642942B9B439D00C0AB55 /* Debug */ = {
			isa = XCBuildConfiguration;
			buildSettings = {
				ALWAYS_SEARCH_USER_PATHS = NO;
				ASSETCATALOG_COMPILER_GENERATE_SWIFT_ASSET_SYMBOL_EXTENSIONS = YES;
				CLANG_ANALYZER_NONNULL = YES;
				CLANG_ANALYZER_NUMBER_OBJECT_CONVERSION = YES_AGGRESSIVE;
				CLANG_CXX_LANGUAGE_STANDARD = "gnu++20";
				CLANG_ENABLE_MODULES = YES;
				CLANG_ENABLE_OBJC_ARC = YES;
				CLANG_ENABLE_OBJC_WEAK = YES;
				CLANG_WARN_BLOCK_CAPTURE_AUTORELEASING = YES;
				CLANG_WARN_BOOL_CONVERSION = YES;
				CLANG_WARN_COMMA = YES;
				CLANG_WARN_CONSTANT_CONVERSION = YES;
				CLANG_WARN_DEPRECATED_OBJC_IMPLEMENTATIONS = YES;
				CLANG_WARN_DIRECT_OBJC_ISA_USAGE = YES_ERROR;
				CLANG_WARN_DOCUMENTATION_COMMENTS = YES;
				CLANG_WARN_EMPTY_BODY = YES;
				CLANG_WARN_ENUM_CONVERSION = YES;
				CLANG_WARN_INFINITE_RECURSION = YES;
				CLANG_WARN_INT_CONVERSION = YES;
				CLANG_WARN_NON_LITERAL_NULL_CONVERSION = YES;
				CLANG_WARN_OBJC_IMPLICIT_RETAIN_SELF = YES;
				CLANG_WARN_OBJC_LITERAL_CONVERSION = YES;
				CLANG_WARN_OBJC_ROOT_CLASS = YES_ERROR;
				CLANG_WARN_QUOTED_INCLUDE_IN_FRAMEWORK_HEADER = YES;
				CLANG_WARN_RANGE_LOOP_ANALYSIS = YES;
				CLANG_WARN_STRICT_PROTOTYPES = YES;
				CLANG_WARN_SUSPICIOUS_MOVE = YES;
				CLANG_WARN_UNGUARDED_AVAILABILITY = YES_AGGRESSIVE;
				CLANG_WARN_UNREACHABLE_CODE = YES;
				CLANG_WARN__DUPLICATE_METHOD_MATCH = YES;
				COPY_PHASE_STRIP = NO;
				DEBUG_INFORMATION_FORMAT = dwarf;
				ENABLE_STRICT_OBJC_MSGSEND = YES;
				ENABLE_TESTABILITY = YES;
				ENABLE_USER_SCRIPT_SANDBOXING = YES;
				GCC_C_LANGUAGE_STANDARD = gnu17;
				GCC_DYNAMIC_NO_PIC = NO;
				GCC_NO_COMMON_BLOCKS = YES;
				GCC_OPTIMIZATION_LEVEL = 0;
				GCC_PREPROCESSOR_DEFINITIONS = (
					"DEBUG=1",
					"$(inherited)",
				);
				GCC_WARN_64_TO_32_BIT_CONVERSION = YES;
				GCC_WARN_ABOUT_RETURN_TYPE = YES_ERROR;
				GCC_WARN_UNDECLARED_SELECTOR = YES;
				GCC_WARN_UNINITIALIZED_AUTOS = YES_AGGRESSIVE;
				GCC_WARN_UNUSED_FUNCTION = YES;
				GCC_WARN_UNUSED_VARIABLE = YES;
				IPHONEOS_DEPLOYMENT_TARGET = 17.0;
				LOCALIZATION_PREFERS_STRING_CATALOGS = YES;
				MTL_ENABLE_DEBUG_INFO = INCLUDE_SOURCE;
				MTL_FAST_MATH = YES;
				ONLY_ACTIVE_ARCH = YES;
				SDKROOT = iphoneos;
				SWIFT_ACTIVE_COMPILATION_CONDITIONS = "DEBUG $(inherited)";
				SWIFT_OPTIMIZATION_LEVEL = "-Onone";
			};
			name = Debug;
		};
		030642952B9B439D00C0AB55 /* Release */ = {
			isa = XCBuildConfiguration;
			buildSettings = {
				ALWAYS_SEARCH_USER_PATHS = NO;
				ASSETCATALOG_COMPILER_GENERATE_SWIFT_ASSET_SYMBOL_EXTENSIONS = YES;
				CLANG_ANALYZER_NONNULL = YES;
				CLANG_ANALYZER_NUMBER_OBJECT_CONVERSION = YES_AGGRESSIVE;
				CLANG_CXX_LANGUAGE_STANDARD = "gnu++20";
				CLANG_ENABLE_MODULES = YES;
				CLANG_ENABLE_OBJC_ARC = YES;
				CLANG_ENABLE_OBJC_WEAK = YES;
				CLANG_WARN_BLOCK_CAPTURE_AUTORELEASING = YES;
				CLANG_WARN_BOOL_CONVERSION = YES;
				CLANG_WARN_COMMA = YES;
				CLANG_WARN_CONSTANT_CONVERSION = YES;
				CLANG_WARN_DEPRECATED_OBJC_IMPLEMENTATIONS = YES;
				CLANG_WARN_DIRECT_OBJC_ISA_USAGE = YES_ERROR;
				CLANG_WARN_DOCUMENTATION_COMMENTS = YES;
				CLANG_WARN_EMPTY_BODY = YES;
				CLANG_WARN_ENUM_CONVERSION = YES;
				CLANG_WARN_INFINITE_RECURSION = YES;
				CLANG_WARN_INT_CONVERSION = YES;
				CLANG_WARN_NON_LITERAL_NULL_CONVERSION = YES;
				CLANG_WARN_OBJC_IMPLICIT_RETAIN_SELF = YES;
				CLANG_WARN_OBJC_LITERAL_CONVERSION = YES;
				CLANG_WARN_OBJC_ROOT_CLASS = YES_ERROR;
				CLANG_WARN_QUOTED_INCLUDE_IN_FRAMEWORK_HEADER = YES;
				CLANG_WARN_RANGE_LOOP_ANALYSIS = YES;
				CLANG_WARN_STRICT_PROTOTYPES = YES;
				CLANG_WARN_SUSPICIOUS_MOVE = YES;
				CLANG_WARN_UNGUARDED_AVAILABILITY = YES_AGGRESSIVE;
				CLANG_WARN_UNREACHABLE_CODE = YES;
				CLANG_WARN__DUPLICATE_METHOD_MATCH = YES;
				COPY_PHASE_STRIP = NO;
				DEBUG_INFORMATION_FORMAT = "dwarf-with-dsym";
				ENABLE_NS_ASSERTIONS = NO;
				ENABLE_STRICT_OBJC_MSGSEND = YES;
				ENABLE_USER_SCRIPT_SANDBOXING = YES;
				GCC_C_LANGUAGE_STANDARD = gnu17;
				GCC_NO_COMMON_BLOCKS = YES;
				GCC_WARN_64_TO_32_BIT_CONVERSION = YES;
				GCC_WARN_ABOUT_RETURN_TYPE = YES_ERROR;
				GCC_WARN_UNDECLARED_SELECTOR = YES;
				GCC_WARN_UNINITIALIZED_AUTOS = YES_AGGRESSIVE;
				GCC_WARN_UNUSED_FUNCTION = YES;
				GCC_WARN_UNUSED_VARIABLE = YES;
				IPHONEOS_DEPLOYMENT_TARGET = 17.0;
				LOCALIZATION_PREFERS_STRING_CATALOGS = YES;
				MTL_ENABLE_DEBUG_INFO = NO;
				MTL_FAST_MATH = YES;
				SDKROOT = iphoneos;
				SWIFT_COMPILATION_MODE = wholemodule;
				VALIDATE_PRODUCT = YES;
			};
			name = Release;
		};
		030642972B9B439D00C0AB55 /* Debug */ = {
			isa = XCBuildConfiguration;
			buildSettings = {
				ASSETCATALOG_COMPILER_APPICON_NAME = AppIcon;
				ASSETCATALOG_COMPILER_GLOBAL_ACCENT_COLOR_NAME = AccentColor;
				CODE_SIGN_STYLE = Automatic;
				CURRENT_PROJECT_VERSION = 1;
				DEVELOPMENT_TEAM = 44LNM8FN8U;
				GENERATE_INFOPLIST_FILE = YES;
				INFOPLIST_FILE = Onboarding/Info.plist;
				INFOPLIST_KEY_CFBundleDisplayName = Onboarding;
				INFOPLIST_KEY_LSApplicationCategoryType = "public.app-category.utilities";
				INFOPLIST_KEY_UIApplicationSupportsIndirectInputEvents = YES;
				INFOPLIST_KEY_UILaunchStoryboardName = LaunchScreen.storyboard;
				INFOPLIST_KEY_UIMainStoryboardFile = Main;
				INFOPLIST_KEY_UIRequiresFullScreen = YES;
				INFOPLIST_KEY_UIStatusBarHidden = YES;
				INFOPLIST_KEY_UISupportedInterfaceOrientations = UIInterfaceOrientationPortrait;
				INFOPLIST_KEY_UISupportedInterfaceOrientations_iPad = "UIInterfaceOrientationPortrait UIInterfaceOrientationPortraitUpsideDown";
				IPHONEOS_DEPLOYMENT_TARGET = 17.0;
				LD_RUNPATH_SEARCH_PATHS = (
					"$(inherited)",
					"@executable_path/Frameworks",
				);
				MARKETING_VERSION = 1.0;
				PRODUCT_BUNDLE_IDENTIFIER = ChristianLourido.Onboarding;
				PRODUCT_NAME = "$(TARGET_NAME)";
				SUPPORTED_PLATFORMS = "iphoneos iphonesimulator";
				SUPPORTS_MACCATALYST = NO;
				SUPPORTS_MAC_DESIGNED_FOR_IPHONE_IPAD = NO;
				SUPPORTS_XR_DESIGNED_FOR_IPHONE_IPAD = NO;
				SWIFT_EMIT_LOC_STRINGS = YES;
				SWIFT_VERSION = 5.0;
				TARGETED_DEVICE_FAMILY = "1,2";
			};
			name = Debug;
		};
		030642982B9B439D00C0AB55 /* Release */ = {
			isa = XCBuildConfiguration;
			buildSettings = {
				ASSETCATALOG_COMPILER_APPICON_NAME = AppIcon;
				ASSETCATALOG_COMPILER_GLOBAL_ACCENT_COLOR_NAME = AccentColor;
				CODE_SIGN_STYLE = Automatic;
				CURRENT_PROJECT_VERSION = 1;
				DEVELOPMENT_TEAM = 44LNM8FN8U;
				GENERATE_INFOPLIST_FILE = YES;
				INFOPLIST_FILE = Onboarding/Info.plist;
				INFOPLIST_KEY_CFBundleDisplayName = Onboarding;
				INFOPLIST_KEY_LSApplicationCategoryType = "public.app-category.utilities";
				INFOPLIST_KEY_UIApplicationSupportsIndirectInputEvents = YES;
				INFOPLIST_KEY_UILaunchStoryboardName = LaunchScreen.storyboard;
				INFOPLIST_KEY_UIMainStoryboardFile = Main;
				INFOPLIST_KEY_UIRequiresFullScreen = YES;
				INFOPLIST_KEY_UIStatusBarHidden = YES;
				INFOPLIST_KEY_UISupportedInterfaceOrientations = UIInterfaceOrientationPortrait;
				INFOPLIST_KEY_UISupportedInterfaceOrientations_iPad = "UIInterfaceOrientationPortrait UIInterfaceOrientationPortraitUpsideDown";
				IPHONEOS_DEPLOYMENT_TARGET = 17.0;
				LD_RUNPATH_SEARCH_PATHS = (
					"$(inherited)",
					"@executable_path/Frameworks",
				);
				MARKETING_VERSION = 1.0;
				PRODUCT_BUNDLE_IDENTIFIER = ChristianLourido.Onboarding;
				PRODUCT_NAME = "$(TARGET_NAME)";
				SUPPORTED_PLATFORMS = "iphoneos iphonesimulator";
				SUPPORTS_MACCATALYST = NO;
				SUPPORTS_MAC_DESIGNED_FOR_IPHONE_IPAD = NO;
				SUPPORTS_XR_DESIGNED_FOR_IPHONE_IPAD = NO;
				SWIFT_EMIT_LOC_STRINGS = YES;
				SWIFT_VERSION = 5.0;
				TARGETED_DEVICE_FAMILY = "1,2";
			};
			name = Release;
		};
/* End XCBuildConfiguration section */

/* Begin XCConfigurationList section */
		0306427D2B9B439B00C0AB55 /* Build configuration list for PBXProject "Onboarding" */ = {
			isa = XCConfigurationList;
			buildConfigurations = (
				030642942B9B439D00C0AB55 /* Debug */,
				030642952B9B439D00C0AB55 /* Release */,
			);
			defaultConfigurationIsVisible = 0;
			defaultConfigurationName = Release;
		};
		030642962B9B439D00C0AB55 /* Build configuration list for PBXNativeTarget "Onboarding" */ = {
			isa = XCConfigurationList;
			buildConfigurations = (
				030642972B9B439D00C0AB55 /* Debug */,
				030642982B9B439D00C0AB55 /* Release */,
			);
			defaultConfigurationIsVisible = 0;
			defaultConfigurationName = Release;
		};
/* End XCConfigurationList section */
	};
	rootObject = 0306427A2B9B439B00C0AB55 /* Project object */;
}
